
Microsoft Visual Studio Solution File, Format Version 12.00
# Visual Studio Version 17
VisualStudioVersion = 17.9.34728.123
MinimumVisualStudioVersion = 10.0.40219.1
Project("{FAE04EC0-301F-11D3-BF4B-00C04F79EFBC}") = "Factu247", "Factu247\Factu247.csproj", "{B30E2768-E258-45AE-9B17-60D4FDCF625A}"
EndProject
Global
	GlobalSection(SolutionConfigurationPlatforms) = preSolution
		Debug|Any CPU = Debug|Any CPU
		Release|Any CPU = Release|Any CPU
	EndGlobalSection
	GlobalSection(ProjectConfigurationPlatforms) = postSolution
		{B30E2768-E258-45AE-9B17-60D4FDCF625A}.Debug|Any CPU.ActiveCfg = Debug|Any CPU
		{B30E2768-E258-45AE-9B17-60D4FDCF625A}.Debug|Any CPU.Build.0 = Debug|Any CPU
		{B30E2768-E258-45AE-9B17-60D4FDCF625A}.Release|Any CPU.ActiveCfg = Release|Any CPU
		{B30E2768-E258-45AE-9B17-60D4FDCF625A}.Release|Any CPU.Build.0 = Release|Any CPU
	EndGlobalSection
	GlobalSection(SolutionProperties) = preSolution
		HideSolutionNode = FALSE
	EndGlobalSection
	GlobalSection(ExtensibilityGlobals) = postSolution
		SolutionGuid = {05B60E65-5EE8-41AC-81F3-A649D42199DD}
	EndGlobalSection
EndGlobal
